
Microsoft Visual Studio Solution File, Format Version 12.00
# Visual Studio Version 16
VisualStudioVersion = 16.0.29001.49
MinimumVisualStudioVersion = 10.0.40219.1
Project("{FAE04EC0-301F-11D3-BF4B-00C04F79EFBC}") = "TareaLayoutDiseños.Android", "TareaLayoutDiseños\TareaLayoutDiseños.Android\TareaLayoutDiseños.Android.csproj", "{B3CDB13E-B68D-4203-9146-8A76C84E4722}"
EndProject
Project("{FAE04EC0-301F-11D3-BF4B-00C04F79EFBC}") = "TareaLayoutDiseños.iOS", "TareaLayoutDiseños\TareaLayoutDiseños.iOS\TareaLayoutDiseños.iOS.csproj", "{C20ABBE5-DB87-4CFA-9B96-7E8B4875324C}"
EndProject
Project("{FAE04EC0-301F-11D3-BF4B-00C04F79EFBC}") = "TareaLayoutDiseños", "TareaLayoutDiseños\TareaLayoutDiseños\TareaLayoutDiseños.csproj", "{2B73C272-037B-4A19-A0C8-97006555587B}"
EndProject
Global
	GlobalSection(SolutionConfigurationPlatforms) = preSolution
		Debug|Any CPU = Debug|Any CPU
		Debug|iPhone = Debug|iPhone
		Debug|iPhoneSimulator = Debug|iPhoneSimulator
		Release|Any CPU = Release|Any CPU
		Release|iPhone = Release|iPhone
		Release|iPhoneSimulator = Release|iPhoneSimulator
	EndGlobalSection
	GlobalSection(ProjectConfigurationPlatforms) = postSolution
		{B3CDB13E-B68D-4203-9146-8A76C84E4722}.Debug|Any CPU.ActiveCfg = Debug|Any CPU
		{B3CDB13E-B68D-4203-9146-8A76C84E4722}.Debug|Any CPU.Build.0 = Debug|Any CPU
		{B3CDB13E-B68D-4203-9146-8A76C84E4722}.Debug|Any CPU.Deploy.0 = Debug|Any CPU
		{B3CDB13E-B68D-4203-9146-8A76C84E4722}.Debug|iPhone.ActiveCfg = Debug|Any CPU
		{B3CDB13E-B68D-4203-9146-8A76C84E4722}.Debug|iPhone.Build.0 = Debug|Any CPU
		{B3CDB13E-B68D-4203-9146-8A76C84E4722}.Debug|iPhone.Deploy.0 = Debug|Any CPU
		{B3CDB13E-B68D-4203-9146-8A76C84E4722}.Debug|iPhoneSimulator.ActiveCfg = Debug|Any CPU
		{B3CDB13E-B68D-4203-9146-8A76C84E4722}.Debug|iPhoneSimulator.Build.0 = Debug|Any CPU
		{B3CDB13E-B68D-4203-9146-8A76C84E4722}.Debug|iPhoneSimulator.Deploy.0 = Debug|Any CPU
		{B3CDB13E-B68D-4203-9146-8A76C84E4722}.Release|Any CPU.ActiveCfg = Release|Any CPU
		{B3CDB13E-B68D-4203-9146-8A76C84E4722}.Release|Any CPU.Build.0 = Release|Any CPU
		{B3CDB13E-B68D-4203-9146-8A76C84E4722}.Release|Any CPU.Deploy.0 = Release|Any CPU
		{B3CDB13E-B68D-4203-9146-8A76C84E4722}.Release|iPhone.ActiveCfg = Release|Any CPU
		{B3CDB13E-B68D-4203-9146-8A76C84E4722}.Release|iPhone.Build.0 = Release|Any CPU
		{B3CDB13E-B68D-4203-9146-8A76C84E4722}.Release|iPhone.Deploy.0 = Release|Any CPU
		{B3CDB13E-B68D-4203-9146-8A76C84E4722}.Release|iPhoneSimulator.ActiveCfg = Release|Any CPU
		{B3CDB13E-B68D-4203-9146-8A76C84E4722}.Release|iPhoneSimulator.Build.0 = Release|Any CPU
		{B3CDB13E-B68D-4203-9146-8A76C84E4722}.Release|iPhoneSimulator.Deploy.0 = Release|Any CPU
		{C20ABBE5-DB87-4CFA-9B96-7E8B4875324C}.Debug|Any CPU.ActiveCfg = Debug|iPhoneSimulator
		{C20ABBE5-DB87-4CFA-9B96-7E8B4875324C}.Debug|Any CPU.Build.0 = Debug|iPhoneSimulator
		{C20ABBE5-DB87-4CFA-9B96-7E8B4875324C}.Debug|Any CPU.Deploy.0 = Debug|iPhoneSimulator
		{C20ABBE5-DB87-4CFA-9B96-7E8B4875324C}.Debug|iPhone.ActiveCfg = Debug|iPhone
		{C20ABBE5-DB87-4CFA-9B96-7E8B4875324C}.Debug|iPhone.Build.0 = Debug|iPhone
		{C20ABBE5-DB87-4CFA-9B96-7E8B4875324C}.Debug|iPhone.Deploy.0 = Debug|iPhone
		{C20ABBE5-DB87-4CFA-9B96-7E8B4875324C}.Debug|iPhoneSimulator.ActiveCfg = Debug|iPhoneSimulator
		{C20ABBE5-DB87-4CFA-9B96-7E8B4875324C}.Debug|iPhoneSimulator.Build.0 = Debug|iPhoneSimulator
		{C20ABBE5-DB87-4CFA-9B96-7E8B4875324C}.Debug|iPhoneSimulator.Deploy.0 = Debug|iPhoneSimulator
		{C20ABBE5-DB87-4CFA-9B96-7E8B4875324C}.Release|Any CPU.ActiveCfg = Release|iPhone
		{C20ABBE5-DB87-4CFA-9B96-7E8B4875324C}.Release|Any CPU.Build.0 = Release|iPhone
		{C20ABBE5-DB87-4CFA-9B96-7E8B4875324C}.Release|Any CPU.Deploy.0 = Release|iPhone
		{C20ABBE5-DB87-4CFA-9B96-7E8B4875324C}.Release|iPhone.ActiveCfg = Release|iPhone
		{C20ABBE5-DB87-4CFA-9B96-7E8B4875324C}.Release|iPhone.Build.0 = Release|iPhone
		{C20ABBE5-DB87-4CFA-9B96-7E8B4875324C}.Release|iPhone.Deploy.0 = Release|iPhone
		{C20ABBE5-DB87-4CFA-9B96-7E8B4875324C}.Release|iPhoneSimulator.ActiveCfg = Release|iPhoneSimulator
		{C20ABBE5-DB87-4CFA-9B96-7E8B4875324C}.Release|iPhoneSimulator.Build.0 = Release|iPhoneSimulator
		{C20ABBE5-DB87-4CFA-9B96-7E8B4875324C}.Release|iPhoneSimulator.Deploy.0 = Release|iPhoneSimulator
		{2B73C272-037B-4A19-A0C8-97006555587B}.Debug|Any CPU.ActiveCfg = Debug|Any CPU
		{2B73C272-037B-4A19-A0C8-97006555587B}.Debug|Any CPU.Build.0 = Debug|Any CPU
		{2B73C272-037B-4A19-A0C8-97006555587B}.Debug|Any CPU.Deploy.0 = Debug|Any CPU
		{2B73C272-037B-4A19-A0C8-97006555587B}.Debug|iPhone.ActiveCfg = Debug|Any CPU
		{2B73C272-037B-4A19-A0C8-97006555587B}.Debug|iPhone.Build.0 = Debug|Any CPU
		{2B73C272-037B-4A19-A0C8-97006555587B}.Debug|iPhone.Deploy.0 = Debug|Any CPU
		{2B73C272-037B-4A19-A0C8-97006555587B}.Debug|iPhoneSimulator.ActiveCfg = Debug|Any CPU
		{2B73C272-037B-4A19-A0C8-97006555587B}.Debug|iPhoneSimulator.Build.0 = Debug|Any CPU
		{2B73C272-037B-4A19-A0C8-97006555587B}.Debug|iPhoneSimulator.Deploy.0 = Debug|Any CPU
		{2B73C272-037B-4A19-A0C8-97006555587B}.Release|Any CPU.ActiveCfg = Release|Any CPU
		{2B73C272-037B-4A19-A0C8-97006555587B}.Release|Any CPU.Build.0 = Release|Any CPU
		{2B73C272-037B-4A19-A0C8-97006555587B}.Release|Any CPU.Deploy.0 = Release|Any CPU
		{2B73C272-037B-4A19-A0C8-97006555587B}.Release|iPhone.ActiveCfg = Release|Any CPU
		{2B73C272-037B-4A19-A0C8-97006555587B}.Release|iPhone.Build.0 = Release|Any CPU
		{2B73C272-037B-4A19-A0C8-97006555587B}.Release|iPhone.Deploy.0 = Release|Any CPU
		{2B73C272-037B-4A19-A0C8-97006555587B}.Release|iPhoneSimulator.ActiveCfg = Release|Any CPU
		{2B73C272-037B-4A19-A0C8-97006555587B}.Release|iPhoneSimulator.Build.0 = Release|Any CPU
		{2B73C272-037B-4A19-A0C8-97006555587B}.Release|iPhoneSimulator.Deploy.0 = Release|Any CPU
	EndGlobalSection
	GlobalSection(SolutionProperties) = preSolution
		HideSolutionNode = FALSE
	EndGlobalSection
	GlobalSection(ExtensibilityGlobals) = postSolution
		SolutionGuid = {33BA1BEC-6CF1-4C11-8E85-C37C3715C192}
	EndGlobalSection
EndGlobal
